
Microsoft Visual Studio Solution File, Format Version 12.00
# Visual Studio 14
VisualStudioVersion = 14.0.25420.1
MinimumVisualStudioVersion = 10.0.40219.1
Project("{2150E333-8FDC-42A3-9474-1A3956D46DE8}") = "src", "src", "{A491C903-0903-4D89-B25D-C42A1486422C}"
EndProject
Project("{2150E333-8FDC-42A3-9474-1A3956D46DE8}") = "Solution Items", "Solution Items", "{000BF9D2-B427-4B65-9960-961A5106C223}"
	ProjectSection(SolutionItems) = preProject
		global.json = global.json
	EndProjectSection
EndProject
Project("{8BB2217D-0F2D-49D1-97BC-3654ED321F3B}") = "CAF.JBS", "src\CAF.JBS\CAF.JBS.xproj", "{81F2DA9A-BDE8-4C12-9FAF-FB73B1704CA7}"
EndProject
Global
	GlobalSection(SolutionConfigurationPlatforms) = preSolution
		Debug|Any CPU = Debug|Any CPU
		Release|Any CPU = Release|Any CPU
	EndGlobalSection
	GlobalSection(ProjectConfigurationPlatforms) = postSolution
		{81F2DA9A-BDE8-4C12-9FAF-FB73B1704CA7}.Debug|Any CPU.ActiveCfg = Debug|Any CPU
		{81F2DA9A-BDE8-4C12-9FAF-FB73B1704CA7}.Debug|Any CPU.Build.0 = Debug|Any CPU
		{81F2DA9A-BDE8-4C12-9FAF-FB73B1704CA7}.Release|Any CPU.ActiveCfg = Release|Any CPU
		{81F2DA9A-BDE8-4C12-9FAF-FB73B1704CA7}.Release|Any CPU.Build.0 = Release|Any CPU
	EndGlobalSection
	GlobalSection(SolutionProperties) = preSolution
		HideSolutionNode = FALSE
	EndGlobalSection
	GlobalSection(NestedProjects) = preSolution
		{81F2DA9A-BDE8-4C12-9FAF-FB73B1704CA7} = {A491C903-0903-4D89-B25D-C42A1486422C}
	EndGlobalSection
EndGlobal
